// !$*UTF8*$!
{
	archiveVersion = 1;
	classes = {
	};
	objectVersion = 55;
	objects = {

/* Begin PBXBuildFile section */
		B4575E4C2804108B00F2BAFA /* LandmarksApp.swift in Sources */ = {isa = PBXBuildFile; fileRef = B4575E4B2804108B00F2BAFA /* LandmarksApp.swift */; };
		B4575E4E2804108B00F2BAFA /* ContentView.swift in Sources */ = {isa = PBXBuildFile; fileRef = B4575E4D2804108B00F2BAFA /* ContentView.swift */; };
		B4575E502804108E00F2BAFA /* Assets.xcassets in Resources */ = {isa = PBXBuildFile; fileRef = B4575E4F2804108E00F2BAFA /* Assets.xcassets */; };
		B4575E532804108E00F2BAFA /* Preview Assets.xcassets in Resources */ = {isa = PBXBuildFile; fileRef = B4575E522804108E00F2BAFA /* Preview Assets.xcassets */; };
		B4575E5A280415A700F2BAFA /* CircleImage.swift in Sources */ = {isa = PBXBuildFile; fileRef = B4575E59280415A700F2BAFA /* CircleImage.swift */; };
		B4575E5C2804168D00F2BAFA /* MapView.swift in Sources */ = {isa = PBXBuildFile; fileRef = B4575E5B2804168D00F2BAFA /* MapView.swift */; };
		B4575E5E28041B1C00F2BAFA /* landmarkData.json in Resources */ = {isa = PBXBuildFile; fileRef = B4575E5D28041B1C00F2BAFA /* landmarkData.json */; };
		B4575E6028041B5100F2BAFA /* Landmark.swift in Sources */ = {isa = PBXBuildFile; fileRef = B4575E5F28041B5100F2BAFA /* Landmark.swift */; };
		B4575E6228041C2000F2BAFA /* ModelData.swift in Sources */ = {isa = PBXBuildFile; fileRef = B4575E6128041C2000F2BAFA /* ModelData.swift */; };
		B4575E672805339700F2BAFA /* LandmarkRow.swift in Sources */ = {isa = PBXBuildFile; fileRef = B4575E662805339700F2BAFA /* LandmarkRow.swift */; };
		B4575E69280537FF00F2BAFA /* LandmarkList.swift in Sources */ = {isa = PBXBuildFile; fileRef = B4575E68280537FF00F2BAFA /* LandmarkList.swift */; };
		B4575E6B2805390B00F2BAFA /* LandmarkDetail.swift in Sources */ = {isa = PBXBuildFile; fileRef = B4575E6A2805390B00F2BAFA /* LandmarkDetail.swift */; };
		B4F2A256280577A0007CE1C7 /* FavoriteButton.swift in Sources */ = {isa = PBXBuildFile; fileRef = B4F2A255280577A0007CE1C7 /* FavoriteButton.swift */; };
/* End PBXBuildFile section */

/* Begin PBXFileReference section */
		B4575E482804108B00F2BAFA /* Landmarks.app */ = {isa = PBXFileReference; explicitFileType = wrapper.application; includeInIndex = 0; path = Landmarks.app; sourceTree = BUILT_PRODUCTS_DIR; };
		B4575E4B2804108B00F2BAFA /* LandmarksApp.swift */ = {isa = PBXFileReference; lastKnownFileType = sourcecode.swift; path = LandmarksApp.swift; sourceTree = "<group>"; };
		B4575E4D2804108B00F2BAFA /* ContentView.swift */ = {isa = PBXFileReference; lastKnownFileType = sourcecode.swift; path = ContentView.swift; sourceTree = "<group>"; };
		B4575E4F2804108E00F2BAFA /* Assets.xcassets */ = {isa = PBXFileReference; lastKnownFileType = folder.assetcatalog; path = Assets.xcassets; sourceTree = "<group>"; };
		B4575E522804108E00F2BAFA /* Preview Assets.xcassets */ = {isa = PBXFileReference; lastKnownFileType = folder.assetcatalog; path = "Preview Assets.xcassets"; sourceTree = "<group>"; };
		B4575E59280415A700F2BAFA /* CircleImage.swift */ = {isa = PBXFileReference; lastKnownFileType = sourcecode.swift; path = CircleImage.swift; sourceTree = "<group>"; };
		B4575E5B2804168D00F2BAFA /* MapView.swift */ = {isa = PBXFileReference; lastKnownFileType = sourcecode.swift; path = MapView.swift; sourceTree = "<group>"; };
		B4575E5D28041B1C00F2BAFA /* landmarkData.json */ = {isa = PBXFileReference; fileEncoding = 4; lastKnownFileType = text.json; path = landmarkData.json; sourceTree = "<group>"; };
		B4575E5F28041B5100F2BAFA /* Landmark.swift */ = {isa = PBXFileReference; lastKnownFileType = sourcecode.swift; path = Landmark.swift; sourceTree = "<group>"; };
		B4575E6128041C2000F2BAFA /* ModelData.swift */ = {isa = PBXFileReference; lastKnownFileType = sourcecode.swift; path = ModelData.swift; sourceTree = "<group>"; };
		B4575E662805339700F2BAFA /* LandmarkRow.swift */ = {isa = PBXFileReference; lastKnownFileType = sourcecode.swift; path = LandmarkRow.swift; sourceTree = "<group>"; };
		B4575E68280537FF00F2BAFA /* LandmarkList.swift */ = {isa = PBXFileReference; lastKnownFileType = sourcecode.swift; path = LandmarkList.swift; sourceTree = "<group>"; };
		B4575E6A2805390B00F2BAFA /* LandmarkDetail.swift */ = {isa = PBXFileReference; lastKnownFileType = sourcecode.swift; path = LandmarkDetail.swift; sourceTree = "<group>"; };
		B4F2A255280577A0007CE1C7 /* FavoriteButton.swift */ = {isa = PBXFileReference; lastKnownFileType = sourcecode.swift; path = FavoriteButton.swift; sourceTree = "<group>"; };
/* End PBXFileReference section */

/* Begin PBXFrameworksBuildPhase section */
		B4575E452804108B00F2BAFA /* Frameworks */ = {
			isa = PBXFrameworksBuildPhase;
			buildActionMask = 2147483647;
			files = (
			);
			runOnlyForDeploymentPostprocessing = 0;
		};
/* End PBXFrameworksBuildPhase section */

/* Begin PBXGroup section */
		B4575E3F2804108B00F2BAFA = {
			isa = PBXGroup;
			children = (
				B4575E4A2804108B00F2BAFA /* Landmarks */,
				B4575E492804108B00F2BAFA /* Products */,
			);
			sourceTree = "<group>";
		};
		B4575E492804108B00F2BAFA /* Products */ = {
			isa = PBXGroup;
			children = (
				B4575E482804108B00F2BAFA /* Landmarks.app */,
			);
			name = Products;
			sourceTree = "<group>";
		};
		B4575E4A2804108B00F2BAFA /* Landmarks */ = {
			isa = PBXGroup;
			children = (
				B4575E4B2804108B00F2BAFA /* LandmarksApp.swift */,
				B4575E6328041D3200F2BAFA /* Views */,
				B4575E6428041D4500F2BAFA /* Model */,
				B4575E6528041D5700F2BAFA /* Resources */,
				B4575E4F2804108E00F2BAFA /* Assets.xcassets */,
				B4575E512804108E00F2BAFA /* Preview Content */,
			);
			path = Landmarks;
			sourceTree = "<group>";
		};
		B4575E512804108E00F2BAFA /* Preview Content */ = {
			isa = PBXGroup;
			children = (
				B4575E522804108E00F2BAFA /* Preview Assets.xcassets */,
			);
			path = "Preview Content";
			sourceTree = "<group>";
		};
		B4575E6328041D3200F2BAFA /* Views */ = {
			isa = PBXGroup;
			children = (
				B4575E4D2804108B00F2BAFA /* ContentView.swift */,
				B4F2A25728057823007CE1C7 /* Landmarks */,
				B4F2A25828057828007CE1C7 /* Helpers */,
			);
			path = Views;
			sourceTree = "<group>";
		};
		B4575E6428041D4500F2BAFA /* Model */ = {
			isa = PBXGroup;
			children = (
				B4575E5F28041B5100F2BAFA /* Landmark.swift */,
				B4575E6128041C2000F2BAFA /* ModelData.swift */,
			);
			path = Model;
			sourceTree = "<group>";
		};
		B4575E6528041D5700F2BAFA /* Resources */ = {
			isa = PBXGroup;
			children = (
				B4575E5D28041B1C00F2BAFA /* landmarkData.json */,
			);
			path = Resources;
			sourceTree = "<group>";
		};
		B4F2A25728057823007CE1C7 /* Landmarks */ = {
			isa = PBXGroup;
			children = (
				B4575E662805339700F2BAFA /* LandmarkRow.swift */,
				B4575E68280537FF00F2BAFA /* LandmarkList.swift */,
				B4575E6A2805390B00F2BAFA /* LandmarkDetail.swift */,
			);
			path = Landmarks;
			sourceTree = "<group>";
		};
		B4F2A25828057828007CE1C7 /* Helpers */ = {
			isa = PBXGroup;
			children = (
				B4575E59280415A700F2BAFA /* CircleImage.swift */,
				B4575E5B2804168D00F2BAFA /* MapView.swift */,
				B4F2A255280577A0007CE1C7 /* FavoriteButton.swift */,
			);
			path = Helpers;
			sourceTree = "<group>";
		};
/* End PBXGroup section */

/* Begin PBXNativeTarget section */
		B4575E472804108B00F2BAFA /* Landmarks */ = {
			isa = PBXNativeTarget;
			buildConfigurationList = B4575E562804108E00F2BAFA /* Build configuration list for PBXNativeTarget "Landmarks" */;
			buildPhases = (
				B4575E442804108B00F2BAFA /* Sources */,
				B4575E452804108B00F2BAFA /* Frameworks */,
				B4575E462804108B00F2BAFA /* Resources */,
			);
			buildRules = (
			);
			dependencies = (
			);
			name = Landmarks;
			productName = Landmarks;
			productReference = B4575E482804108B00F2BAFA /* Landmarks.app */;
			productType = "com.apple.product-type.application";
		};
/* End PBXNativeTarget section */

/* Begin PBXProject section */
		B4575E402804108B00F2BAFA /* Project object */ = {
			isa = PBXProject;
			attributes = {
				BuildIndependentTargetsInParallel = 1;
				LastSwiftUpdateCheck = 1330;
				LastUpgradeCheck = 1330;
				TargetAttributes = {
					B4575E472804108B00F2BAFA = {
						CreatedOnToolsVersion = 13.3;
					};
				};
			};
			buildConfigurationList = B4575E432804108B00F2BAFA /* Build configuration list for PBXProject "Landmarks" */;
			compatibilityVersion = "Xcode 13.0";
			developmentRegion = en;
			hasScannedForEncodings = 0;
			knownRegions = (
				en,
				Base,
			);
			mainGroup = B4575E3F2804108B00F2BAFA;
			productRefGroup = B4575E492804108B00F2BAFA /* Products */;
			projectDirPath = "";
			projectRoot = "";
			targets = (
				B4575E472804108B00F2BAFA /* Landmarks */,
			);
		};
/* End PBXProject section */

/* Begin PBXResourcesBuildPhase section */
		B4575E462804108B00F2BAFA /* Resources */ = {
			isa = PBXResourcesBuildPhase;
			buildActionMask = 2147483647;
			files = (
				B4575E532804108E00F2BAFA /* Preview Assets.xcassets in Resources */,
				B4575E502804108E00F2BAFA /* Assets.xcassets in Resources */,
				B4575E5E28041B1C00F2BAFA /* landmarkData.json in Resources */,
			);
			runOnlyForDeploymentPostprocessing = 0;
		};
/* End PBXResourcesBuildPhase section */

/* Begin PBXSourcesBuildPhase section */
		B4575E442804108B00F2BAFA /* Sources */ = {
			isa = PBXSourcesBuildPhase;
			buildActionMask = 2147483647;
			files = (
				B4575E4E2804108B00F2BAFA /* ContentView.swift in Sources */,
				B4575E5C2804168D00F2BAFA /* MapView.swift in Sources */,
				B4575E4C2804108B00F2BAFA /* LandmarksApp.swift in Sources */,
				B4F2A256280577A0007CE1C7 /* FavoriteButton.swift in Sources */,
				B4575E69280537FF00F2BAFA /* LandmarkList.swift in Sources */,
				B4575E6B2805390B00F2BAFA /* LandmarkDetail.swift in Sources */,
				B4575E5A280415A700F2BAFA /* CircleImage.swift in Sources */,
				B4575E6028041B5100F2BAFA /* Landmark.swift in Sources */,
				B4575E672805339700F2BAFA /* LandmarkRow.swift in Sources */,
				B4575E6228041C2000F2BAFA /* ModelData.swift in Sources */,
			);
			runOnlyForDeploymentPostprocessing = 0;
		};
/* End PBXSourcesBuildPhase section */

/* Begin XCBuildConfiguration section */
		B4575E542804108E00F2BAFA /* Debug */ = {
			isa = XCBuildConfiguration;
			buildSettings = {
				ALWAYS_SEARCH_USER_PATHS = NO;
				CLANG_ANALYZER_NONNULL = YES;
				CLANG_ANALYZER_NUMBER_OBJECT_CONVERSION = YES_AGGRESSIVE;
				CLANG_CXX_LANGUAGE_STANDARD = "gnu++17";
				CLANG_ENABLE_MODULES = YES;
				CLANG_ENABLE_OBJC_ARC = YES;
				CLANG_ENABLE_OBJC_WEAK = YES;
				CLANG_WARN_BLOCK_CAPTURE_AUTORELEASING = YES;
				CLANG_WARN_BOOL_CONVERSION = YES;
				CLANG_WARN_COMMA = YES;
				CLANG_WARN_CONSTANT_CONVERSION = YES;
				CLANG_WARN_DEPRECATED_OBJC_IMPLEMENTATIONS = YES;
				CLANG_WARN_DIRECT_OBJC_ISA_USAGE = YES_ERROR;
				CLANG_WARN_DOCUMENTATION_COMMENTS = YES;
				CLANG_WARN_EMPTY_BODY = YES;
				CLANG_WARN_ENUM_CONVERSION = YES;
				CLANG_WARN_INFINITE_RECURSION = YES;
				CLANG_WARN_INT_CONVERSION = YES;
				CLANG_WARN_NON_LITERAL_NULL_CONVERSION = YES;
				CLANG_WARN_OBJC_IMPLICIT_RETAIN_SELF = YES;
				CLANG_WARN_OBJC_LITERAL_CONVERSION = YES;
				CLANG_WARN_OBJC_ROOT_CLASS = YES_ERROR;
				CLANG_WARN_QUOTED_INCLUDE_IN_FRAMEWORK_HEADER = YES;
				CLANG_WARN_RANGE_LOOP_ANALYSIS = YES;
				CLANG_WARN_STRICT_PROTOTYPES = YES;
				CLANG_WARN_SUSPICIOUS_MOVE = YES;
				CLANG_WARN_UNGUARDED_AVAILABILITY = YES_AGGRESSIVE;
				CLANG_WARN_UNREACHABLE_CODE = YES;
				CLANG_WARN__DUPLICATE_METHOD_MATCH = YES;
				COPY_PHASE_STRIP = NO;
				DEBUG_INFORMATION_FORMAT = dwarf;
				ENABLE_STRICT_OBJC_MSGSEND = YES;
				ENABLE_TESTABILITY = YES;
				GCC_C_LANGUAGE_STANDARD = gnu11;
				GCC_DYNAMIC_NO_PIC = NO;
				GCC_NO_COMMON_BLOCKS = YES;
				GCC_OPTIMIZATION_LEVEL = 0;
				GCC_PREPROCESSOR_DEFINITIONS = (
					"DEBUG=1",
					"$(inherited)",
				);
				GCC_WARN_64_TO_32_BIT_CONVERSION = YES;
				GCC_WARN_ABOUT_RETURN_TYPE = YES_ERROR;
				GCC_WARN_UNDECLARED_SELECTOR = YES;
				GCC_WARN_UNINITIALIZED_AUTOS = YES_AGGRESSIVE;
				GCC_WARN_UNUSED_FUNCTION = YES;
				GCC_WARN_UNUSED_VARIABLE = YES;
				IPHONEOS_DEPLOYMENT_TARGET = 15.4;
				MTL_ENABLE_DEBUG_INFO = INCLUDE_SOURCE;
				MTL_FAST_MATH = YES;
				ONLY_ACTIVE_ARCH = YES;
				SDKROOT = iphoneos;
				SWIFT_ACTIVE_COMPILATION_CONDITIONS = DEBUG;
				SWIFT_OPTIMIZATION_LEVEL = "-Onone";
			};
			name = Debug;
		};
		B4575E552804108E00F2BAFA /* Release */ = {
			isa = XCBuildConfiguration;
			buildSettings = {
				ALWAYS_SEARCH_USER_PATHS = NO;
				CLANG_ANALYZER_NONNULL = YES;
				CLANG_ANALYZER_NUMBER_OBJECT_CONVERSION = YES_AGGRESSIVE;
				CLANG_CXX_LANGUAGE_STANDARD = "gnu++17";
				CLANG_ENABLE_MODULES = YES;
				CLANG_ENABLE_OBJC_ARC = YES;
				CLANG_ENABLE_OBJC_WEAK = YES;
				CLANG_WARN_BLOCK_CAPTURE_AUTORELEASING = YES;
				CLANG_WARN_BOOL_CONVERSION = YES;
				CLANG_WARN_COMMA = YES;
				CLANG_WARN_CONSTANT_CONVERSION = YES;
				CLANG_WARN_DEPRECATED_OBJC_IMPLEMENTATIONS = YES;
				CLANG_WARN_DIRECT_OBJC_ISA_USAGE = YES_ERROR;
				CLANG_WARN_DOCUMENTATION_COMMENTS = YES;
				CLANG_WARN_EMPTY_BODY = YES;
				CLANG_WARN_ENUM_CONVERSION = YES;
				CLANG_WARN_INFINITE_RECURSION = YES;
				CLANG_WARN_INT_CONVERSION = YES;
				CLANG_WARN_NON_LITERAL_NULL_CONVERSION = YES;
				CLANG_WARN_OBJC_IMPLICIT_RETAIN_SELF = YES;
				CLANG_WARN_OBJC_LITERAL_CONVERSION = YES;
				CLANG_WARN_OBJC_ROOT_CLASS = YES_ERROR;
				CLANG_WARN_QUOTED_INCLUDE_IN_FRAMEWORK_HEADER = YES;
				CLANG_WARN_RANGE_LOOP_ANALYSIS = YES;
				CLANG_WARN_STRICT_PROTOTYPES = YES;
				CLANG_WARN_SUSPICIOUS_MOVE = YES;
				CLANG_WARN_UNGUARDED_AVAILABILITY = YES_AGGRESSIVE;
				CLANG_WARN_UNREACHABLE_CODE = YES;
				CLANG_WARN__DUPLICATE_METHOD_MATCH = YES;
				COPY_PHASE_STRIP = NO;
				DEBUG_INFORMATION_FORMAT = "dwarf-with-dsym";
				ENABLE_NS_ASSERTIONS = NO;
				ENABLE_STRICT_OBJC_MSGSEND = YES;
				GCC_C_LANGUAGE_STANDARD = gnu11;
				GCC_NO_COMMON_BLOCKS = YES;
				GCC_WARN_64_TO_32_BIT_CONVERSION = YES;
				GCC_WARN_ABOUT_RETURN_TYPE = YES_ERROR;
				GCC_WARN_UNDECLARED_SELECTOR = YES;
				GCC_WARN_UNINITIALIZED_AUTOS = YES_AGGRESSIVE;
				GCC_WARN_UNUSED_FUNCTION = YES;
				GCC_WARN_UNUSED_VARIABLE = YES;
				IPHONEOS_DEPLOYMENT_TARGET = 15.4;
				MTL_ENABLE_DEBUG_INFO = NO;
				MTL_FAST_MATH = YES;
				SDKROOT = iphoneos;
				SWIFT_COMPILATION_MODE = wholemodule;
				SWIFT_OPTIMIZATION_LEVEL = "-O";
				VALIDATE_PRODUCT = YES;
			};
			name = Release;
		};
		B4575E572804108E00F2BAFA /* Debug */ = {
			isa = XCBuildConfiguration;
			buildSettings = {
				ASSETCATALOG_COMPILER_APPICON_NAME = AppIcon;
				ASSETCATALOG_COMPILER_GLOBAL_ACCENT_COLOR_NAME = AccentColor;
				CODE_SIGN_STYLE = Automatic;
				CURRENT_PROJECT_VERSION = 1;
				DEVELOPMENT_ASSET_PATHS = "\"Landmarks/Preview Content\"";
				DEVELOPMENT_TEAM = SW8JAD37YH;
				ENABLE_PREVIEWS = YES;
				GENERATE_INFOPLIST_FILE = YES;
				INFOPLIST_KEY_UIApplicationSceneManifest_Generation = YES;
				INFOPLIST_KEY_UIApplicationSupportsIndirectInputEvents = YES;
				INFOPLIST_KEY_UILaunchScreen_Generation = YES;
				INFOPLIST_KEY_UISupportedInterfaceOrientations_iPad = "UIInterfaceOrientationPortrait UIInterfaceOrientationPortraitUpsideDown UIInterfaceOrientationLandscapeLeft UIInterfaceOrientationLandscapeRight";
				INFOPLIST_KEY_UISupportedInterfaceOrientations_iPhone = "UIInterfaceOrientationPortrait UIInterfaceOrientationLandscapeLeft UIInterfaceOrientationLandscapeRight";
				LD_RUNPATH_SEARCH_PATHS = (
					"$(inherited)",
					"@executable_path/Frameworks",
				);
				MARKETING_VERSION = 1.0;
				PRODUCT_BUNDLE_IDENTIFIER = kr.co.duolabs.Landmarks;
				PRODUCT_NAME = "$(TARGET_NAME)";
				SWIFT_EMIT_LOC_STRINGS = YES;
				SWIFT_VERSION = 5.0;
				TARGETED_DEVICE_FAMILY = "1,2";
			};
			name = Debug;
		};
		B4575E582804108E00F2BAFA /* Release */ = {
			isa = XCBuildConfiguration;
			buildSettings = {
				ASSETCATALOG_COMPILER_APPICON_NAME = AppIcon;
				ASSETCATALOG_COMPILER_GLOBAL_ACCENT_COLOR_NAME = AccentColor;
				CODE_SIGN_STYLE = Automatic;
				CURRENT_PROJECT_VERSION = 1;
				DEVELOPMENT_ASSET_PATHS = "\"Landmarks/Preview Content\"";
				DEVELOPMENT_TEAM = SW8JAD37YH;
				ENABLE_PREVIEWS = YES;
				GENERATE_INFOPLIST_FILE = YES;
				INFOPLIST_KEY_UIApplicationSceneManifest_Generation = YES;
				INFOPLIST_KEY_UIApplicationSupportsIndirectInputEvents = YES;
				INFOPLIST_KEY_UILaunchScreen_Generation = YES;
				INFOPLIST_KEY_UISupportedInterfaceOrientations_iPad = "UIInterfaceOrientationPortrait UIInterfaceOrientationPortraitUpsideDown UIInterfaceOrientationLandscapeLeft UIInterfaceOrientationLandscapeRight";
				INFOPLIST_KEY_UISupportedInterfaceOrientations_iPhone = "UIInterfaceOrientationPortrait UIInterfaceOrientationLandscapeLeft UIInterfaceOrientationLandscapeRight";
				LD_RUNPATH_SEARCH_PATHS = (
					"$(inherited)",
					"@executable_path/Frameworks",
				);
				MARKETING_VERSION = 1.0;
				PRODUCT_BUNDLE_IDENTIFIER = kr.co.duolabs.Landmarks;
				PRODUCT_NAME = "$(TARGET_NAME)";
				SWIFT_EMIT_LOC_STRINGS = YES;
				SWIFT_VERSION = 5.0;
				TARGETED_DEVICE_FAMILY = "1,2";
			};
			name = Release;
		};
/* End XCBuildConfiguration section */

/* Begin XCConfigurationList section */
		B4575E432804108B00F2BAFA /* Build configuration list for PBXProject "Landmarks" */ = {
			isa = XCConfigurationList;
			buildConfigurations = (
				B4575E542804108E00F2BAFA /* Debug */,
				B4575E552804108E00F2BAFA /* Release */,
			);
			defaultConfigurationIsVisible = 0;
			defaultConfigurationName = Release;
		};
		B4575E562804108E00F2BAFA /* Build configuration list for PBXNativeTarget "Landmarks" */ = {
			isa = XCConfigurationList;
			buildConfigurations = (
				B4575E572804108E00F2BAFA /* Debug */,
				B4575E582804108E00F2BAFA /* Release */,
			);
			defaultConfigurationIsVisible = 0;
			defaultConfigurationName = Release;
		};
/* End XCConfigurationList section */
	};
	rootObject = B4575E402804108B00F2BAFA /* Project object */;
}
